PODS:
  - Flutter (1.0.0)
  - storage_space (0.0.1):
    - Flutter

DEPENDENCIES:
  - Flutter (from `Flutter`)
  - storage_space (from `.symlinks/plugins/storage_space/ios`)

EXTERNAL SOURCES:
  Flutter:
    :path: Flutter
  storage_space:
    :path: ".symlinks/plugins/storage_space/ios"

SPEC CHECKSUMS:
  Flutter: 434fef37c0980e73bb6479ef766c45957d4b510c
  storage_space: b65da22f48102f30e39f07918a18efd56d440af5

PODFILE CHECKSUM: aafe91acc616949ddb318b77800a7f51bffa2a4c

COCOAPODS: 1.10.1
